{
    "_readme": [
        "This file locks the dependencies of your project to a known state",
        "Read more about it at http://getcomposer.org/doc/01-basic-usage.md#composer-lock-the-lock-file",
        "This file is @generated automatically"
    ],
    "hash": "c4f6405113d47515208c2dc962617bfa",
    "packages": [
        {
            "name": "denislaliberte/composerinagist",
            "version": "dev-master",
            "source": {
                "type": "git",
                "url": "https://gist.github.com/82e54bcce3d56767e1d3.git",
                "reference": "622db71a75123b4d4e0a12f46a2367fc1908d922"
            },
            "type": "library",
            "autoload": {
                "files": [
                    "composerinagist.php"
                ]
            },
            "time": "2014-10-11 15:39:52"
        }
    ],
    "packages-dev": [],
    "aliases": [],
    "minimum-stability": "stable",
    "stability-flags": {
        "denislaliberte/composerinagist": 20
    },
    "prefer-stable": false,
    "platform": [],
    "platform-dev": []
}
